
Microsoft Visual Studio Solution File, Format Version 12.00
# Visual Studio 15
VisualStudioVersion = 15.0.28010.2026
MinimumVisualStudioVersion = 10.0.40219.1
Project("{FAE04EC0-301F-11D3-BF4B-00C04F79EFBC}") = "MegaDesk-3-JanaeFairbourn", "MegaDesk-3-JanaeFairbourn\MegaDesk-3-JanaeFairbourn.csproj", "{A92B7F8A-3CA9-41A9-9405-87915C2A7207}"
EndProject
Global
	GlobalSection(SolutionConfigurationPlatforms) = preSolution
		Debug|Any CPU = Debug|Any CPU
		Release|Any CPU = Release|Any CPU
	EndGlobalSection
	GlobalSection(ProjectConfigurationPlatforms) = postSolution
		{A92B7F8A-3CA9-41A9-9405-87915C2A7207}.Debug|Any CPU.ActiveCfg = Debug|Any CPU
		{A92B7F8A-3CA9-41A9-9405-87915C2A7207}.Debug|Any CPU.Build.0 = Debug|Any CPU
		{A92B7F8A-3CA9-41A9-9405-87915C2A7207}.Release|Any CPU.ActiveCfg = Release|Any CPU
		{A92B7F8A-3CA9-41A9-9405-87915C2A7207}.Release|Any CPU.Build.0 = Release|Any CPU
	EndGlobalSection
	GlobalSection(SolutionProperties) = preSolution
		HideSolutionNode = FALSE
	EndGlobalSection
	GlobalSection(ExtensibilityGlobals) = postSolution
		SolutionGuid = {8F7D6F71-92DF-481A-B4AA-B0E36E8FC349}
	EndGlobalSection
EndGlobal
